
Microsoft Visual Studio Solution File, Format Version 12.00
# Visual Studio Version 17
VisualStudioVersion = 17.1.32210.238
MinimumVisualStudioVersion = 10.0.40219.1
Project("{FAE04EC0-301F-11D3-BF4B-00C04F79EFBC}") = "CricketAPI", "CricketAPI\CricketAPI.csproj", "{A2BF7632-C609-47A9-8F72-4A2DD4E69C10}"
EndProject
Global
	GlobalSection(SolutionConfigurationPlatforms) = preSolution
		Debug|Any CPU = Debug|Any CPU
		Release|Any CPU = Release|Any CPU
	EndGlobalSection
	GlobalSection(ProjectConfigurationPlatforms) = postSolution
		{A2BF7632-C609-47A9-8F72-4A2DD4E69C10}.Debug|Any CPU.ActiveCfg = Debug|Any CPU
		{A2BF7632-C609-47A9-8F72-4A2DD4E69C10}.Debug|Any CPU.Build.0 = Debug|Any CPU
		{A2BF7632-C609-47A9-8F72-4A2DD4E69C10}.Release|Any CPU.ActiveCfg = Release|Any CPU
		{A2BF7632-C609-47A9-8F72-4A2DD4E69C10}.Release|Any CPU.Build.0 = Release|Any CPU
	EndGlobalSection
	GlobalSection(SolutionProperties) = preSolution
		HideSolutionNode = FALSE
	EndGlobalSection
	GlobalSection(ExtensibilityGlobals) = postSolution
		SolutionGuid = {4E58763E-00C5-4BC7-B772-79BA0AA00F75}
	EndGlobalSection
EndGlobal
